
Microsoft Visual Studio Solution File, Format Version 12.00
# Visual Studio Version 16
VisualStudioVersion = 16.0.31624.102
MinimumVisualStudioVersion = 10.0.40219.1
Project("{FAE04EC0-301F-11D3-BF4B-00C04F79EFBC}") = "magic_matrix", "magic_matrix\magic_matrix.csproj", "{EEE5387C-C541-4F58-BFD6-AC9C81897321}"
EndProject
Global
	GlobalSection(SolutionConfigurationPlatforms) = preSolution
		Debug|Any CPU = Debug|Any CPU
		Release|Any CPU = Release|Any CPU
	EndGlobalSection
	GlobalSection(ProjectConfigurationPlatforms) = postSolution
		{EEE5387C-C541-4F58-BFD6-AC9C81897321}.Debug|Any CPU.ActiveCfg = Debug|Any CPU
		{EEE5387C-C541-4F58-BFD6-AC9C81897321}.Debug|Any CPU.Build.0 = Debug|Any CPU
		{EEE5387C-C541-4F58-BFD6-AC9C81897321}.Release|Any CPU.ActiveCfg = Release|Any CPU
		{EEE5387C-C541-4F58-BFD6-AC9C81897321}.Release|Any CPU.Build.0 = Release|Any CPU
	EndGlobalSection
	GlobalSection(SolutionProperties) = preSolution
		HideSolutionNode = FALSE
	EndGlobalSection
	GlobalSection(ExtensibilityGlobals) = postSolution
		SolutionGuid = {39CD0A55-3406-4ECC-A8FE-101F6B356E10}
	EndGlobalSection
EndGlobal
